{
  "name": "immutablejs",
  "version": "1.0.0",
  "lockfileVersion": 1,
  "requires": true,
  "dependencies": {
    "arithmetic": {
      "version": "1.0.1",
      "resolved": "https://registry.npmjs.org/arithmetic/-/arithmetic-1.0.1.tgz",
      "integrity": "sha1-X/3Oe7AF9e9EVtNLGMOryzKuBFs=",
      "requires": {
        "is-numeric": "0.0.3"
      }
    },
    "immutable": {
      "version": "4.0.0-rc.12",
      "resolved": "https://registry.npmjs.org/immutable/-/immutable-4.0.0-rc.12.tgz",
      "integrity": "sha512-0M2XxkZLx/mi3t8NVwIm1g8nHoEmM9p9UBl/G9k4+hm0kBgOVdMV/B3CY5dQ8qG8qc80NN4gDV4HQv6FTJ5q7A=="
    },
    "is-numeric": {
      "version": "0.0.3",
      "resolved": "https://registry.npmjs.org/is-numeric/-/is-numeric-0.0.3.tgz",
      "integrity": "sha1-fTyAAs3ACszqzqcN1Xk0nrdF3io="
    }
  }
}
